
Microsoft Visual Studio Solution File, Format Version 12.00
# Visual Studio Version 17
VisualStudioVersion = 17.14.36518.9 d17.14
MinimumVisualStudioVersion = 10.0.40219.1
Project("{8BC9CEB8-8B4A-11D0-8D11-00A0C91BC942}") = "QtQQ_Server", "QtQQ_Server.vcxproj", "{72AEE7B8-43D0-4DEF-8AD3-963ECA38F27F}"
EndProject
Global
	GlobalSection(SolutionConfigurationPlatforms) = preSolution
		Debug|x64 = Debug|x64
		Release|x64 = Release|x64
	EndGlobalSection
	GlobalSection(ProjectConfigurationPlatforms) = postSolution
		{72AEE7B8-43D0-4DEF-8AD3-963ECA38F27F}.Debug|x64.ActiveCfg = Debug|x64
		{72AEE7B8-43D0-4DEF-8AD3-963ECA38F27F}.Debug|x64.Build.0 = Debug|x64
		{72AEE7B8-43D0-4DEF-8AD3-963ECA38F27F}.Release|x64.ActiveCfg = Release|x64
		{72AEE7B8-43D0-4DEF-8AD3-963ECA38F27F}.Release|x64.Build.0 = Release|x64
	EndGlobalSection
	GlobalSection(SolutionProperties) = preSolution
		HideSolutionNode = FALSE
	EndGlobalSection
	GlobalSection(ExtensibilityGlobals) = postSolution
		SolutionGuid = {062B878C-05D6-41EB-8FF4-B56E2140CCB4}
	EndGlobalSection
EndGlobal
